
Microsoft Visual Studio Solution File, Format Version 12.00
# Visual Studio Version 16
VisualStudioVersion = 16.0.31702.278
MinimumVisualStudioVersion = 10.0.40219.1
Project("{FAE04EC0-301F-11D3-BF4B-00C04F79EFBC}") = "Exam", "Exam\Exam.csproj", "{B8343042-8E5A-4645-B7D8-9BE5C12A06E7}"
EndProject
Global
	GlobalSection(SolutionConfigurationPlatforms) = preSolution
		Debug|Any CPU = Debug|Any CPU
		Release|Any CPU = Release|Any CPU
	EndGlobalSection
	GlobalSection(ProjectConfigurationPlatforms) = postSolution
		{B8343042-8E5A-4645-B7D8-9BE5C12A06E7}.Debug|Any CPU.ActiveCfg = Debug|Any CPU
		{B8343042-8E5A-4645-B7D8-9BE5C12A06E7}.Debug|Any CPU.Build.0 = Debug|Any CPU
		{B8343042-8E5A-4645-B7D8-9BE5C12A06E7}.Release|Any CPU.ActiveCfg = Release|Any CPU
		{B8343042-8E5A-4645-B7D8-9BE5C12A06E7}.Release|Any CPU.Build.0 = Release|Any CPU
	EndGlobalSection
	GlobalSection(SolutionProperties) = preSolution
		HideSolutionNode = FALSE
	EndGlobalSection
	GlobalSection(ExtensibilityGlobals) = postSolution
		SolutionGuid = {405E52DA-380B-49B7-8511-0A9397636802}
	EndGlobalSection
EndGlobal
