
Microsoft Visual Studio Solution File, Format Version 12.00
# Visual Studio Version 16
VisualStudioVersion = 16.0.31702.278
MinimumVisualStudioVersion = 10.0.40219.1
Project("{9A19103F-16F7-4668-BE54-9A1E7A4F7556}") = "Homework_1_3", "Practice_1__Homework\Homework_1_3.csproj", "{731994CB-9B53-434D-9E65-2538DD29C3AB}"
EndProject
Project("{FAE04EC0-301F-11D3-BF4B-00C04F79EFBC}") = "Homework_1_4", "Homework_1_4\Homework_1_4.csproj", "{904D8254-0CAB-4DB4-8566-EAC46C636F1C}"
EndProject
Global
	GlobalSection(SolutionConfigurationPlatforms) = preSolution
		Debug|Any CPU = Debug|Any CPU
		Release|Any CPU = Release|Any CPU
	EndGlobalSection
	GlobalSection(ProjectConfigurationPlatforms) = postSolution
		{731994CB-9B53-434D-9E65-2538DD29C3AB}.Debug|Any CPU.ActiveCfg = Debug|Any CPU
		{731994CB-9B53-434D-9E65-2538DD29C3AB}.Debug|Any CPU.Build.0 = Debug|Any CPU
		{731994CB-9B53-434D-9E65-2538DD29C3AB}.Release|Any CPU.ActiveCfg = Release|Any CPU
		{731994CB-9B53-434D-9E65-2538DD29C3AB}.Release|Any CPU.Build.0 = Release|Any CPU
		{904D8254-0CAB-4DB4-8566-EAC46C636F1C}.Debug|Any CPU.ActiveCfg = Debug|Any CPU
		{904D8254-0CAB-4DB4-8566-EAC46C636F1C}.Debug|Any CPU.Build.0 = Debug|Any CPU
		{904D8254-0CAB-4DB4-8566-EAC46C636F1C}.Release|Any CPU.ActiveCfg = Release|Any CPU
		{904D8254-0CAB-4DB4-8566-EAC46C636F1C}.Release|Any CPU.Build.0 = Release|Any CPU
	EndGlobalSection
	GlobalSection(SolutionProperties) = preSolution
		HideSolutionNode = FALSE
	EndGlobalSection
	GlobalSection(ExtensibilityGlobals) = postSolution
		SolutionGuid = {F00ADDF0-4928-44A6-B049-600A01901403}
	EndGlobalSection
EndGlobal
