
Microsoft Visual Studio Solution File, Format Version 12.00
# Visual Studio Version 16
VisualStudioVersion = 16.0.31729.503
MinimumVisualStudioVersion = 10.0.40219.1
Project("{9A19103F-16F7-4668-BE54-9A1E7A4F7556}") = "Lab5.3", "Lab5.3\Lab5.3.csproj", "{8203EC09-9711-4A82-9B13-BFCBD3F2A039}"
EndProject
Project("{9A19103F-16F7-4668-BE54-9A1E7A4F7556}") = "Lab5.4", "Lab5.4\Lab5.4.csproj", "{9A713B57-D102-4FBE-B673-52DD62A081EE}"
EndProject
Project("{9A19103F-16F7-4668-BE54-9A1E7A4F7556}") = "Lab5.5", "Lab5.5\Lab5.5.csproj", "{BB5BCC68-639C-4162-99A9-7876773FF2FE}"
EndProject
Global
	GlobalSection(SolutionConfigurationPlatforms) = preSolution
		Debug|Any CPU = Debug|Any CPU
		Release|Any CPU = Release|Any CPU
	EndGlobalSection
	GlobalSection(ProjectConfigurationPlatforms) = postSolution
		{8203EC09-9711-4A82-9B13-BFCBD3F2A039}.Debug|Any CPU.ActiveCfg = Debug|Any CPU
		{8203EC09-9711-4A82-9B13-BFCBD3F2A039}.Debug|Any CPU.Build.0 = Debug|Any CPU
		{8203EC09-9711-4A82-9B13-BFCBD3F2A039}.Release|Any CPU.ActiveCfg = Release|Any CPU
		{8203EC09-9711-4A82-9B13-BFCBD3F2A039}.Release|Any CPU.Build.0 = Release|Any CPU
		{9A713B57-D102-4FBE-B673-52DD62A081EE}.Debug|Any CPU.ActiveCfg = Debug|Any CPU
		{9A713B57-D102-4FBE-B673-52DD62A081EE}.Debug|Any CPU.Build.0 = Debug|Any CPU
		{9A713B57-D102-4FBE-B673-52DD62A081EE}.Release|Any CPU.ActiveCfg = Release|Any CPU
		{9A713B57-D102-4FBE-B673-52DD62A081EE}.Release|Any CPU.Build.0 = Release|Any CPU
		{BB5BCC68-639C-4162-99A9-7876773FF2FE}.Debug|Any CPU.ActiveCfg = Debug|Any CPU
		{BB5BCC68-639C-4162-99A9-7876773FF2FE}.Debug|Any CPU.Build.0 = Debug|Any CPU
		{BB5BCC68-639C-4162-99A9-7876773FF2FE}.Release|Any CPU.ActiveCfg = Release|Any CPU
		{BB5BCC68-639C-4162-99A9-7876773FF2FE}.Release|Any CPU.Build.0 = Release|Any CPU
	EndGlobalSection
	GlobalSection(SolutionProperties) = preSolution
		HideSolutionNode = FALSE
	EndGlobalSection
	GlobalSection(ExtensibilityGlobals) = postSolution
		SolutionGuid = {92042B71-E248-4FEE-9536-964759A3CAEB}
	EndGlobalSection
EndGlobal
