
Microsoft Visual Studio Solution File, Format Version 12.00
# Visual Studio Version 16
VisualStudioVersion = 16.0.31702.278
MinimumVisualStudioVersion = 10.0.40219.1
Project("{9A19103F-16F7-4668-BE54-9A1E7A4F7556}") = "Lab7_1", "Lab7\Lab7_1.csproj", "{4309CD67-30B6-4BC9-B6D6-9333C33BCCD7}"
EndProject
Project("{9A19103F-16F7-4668-BE54-9A1E7A4F7556}") = "Lab7_2", "Lab7_2\Lab7_2.csproj", "{292CD936-53C0-4D19-BF31-6B3B0E972DEF}"
EndProject
Global
	GlobalSection(SolutionConfigurationPlatforms) = preSolution
		Debug|Any CPU = Debug|Any CPU
		Release|Any CPU = Release|Any CPU
	EndGlobalSection
	GlobalSection(ProjectConfigurationPlatforms) = postSolution
		{4309CD67-30B6-4BC9-B6D6-9333C33BCCD7}.Debug|Any CPU.ActiveCfg = Debug|Any CPU
		{4309CD67-30B6-4BC9-B6D6-9333C33BCCD7}.Debug|Any CPU.Build.0 = Debug|Any CPU
		{4309CD67-30B6-4BC9-B6D6-9333C33BCCD7}.Release|Any CPU.ActiveCfg = Release|Any CPU
		{4309CD67-30B6-4BC9-B6D6-9333C33BCCD7}.Release|Any CPU.Build.0 = Release|Any CPU
		{292CD936-53C0-4D19-BF31-6B3B0E972DEF}.Debug|Any CPU.ActiveCfg = Debug|Any CPU
		{292CD936-53C0-4D19-BF31-6B3B0E972DEF}.Debug|Any CPU.Build.0 = Debug|Any CPU
		{292CD936-53C0-4D19-BF31-6B3B0E972DEF}.Release|Any CPU.ActiveCfg = Release|Any CPU
		{292CD936-53C0-4D19-BF31-6B3B0E972DEF}.Release|Any CPU.Build.0 = Release|Any CPU
	EndGlobalSection
	GlobalSection(SolutionProperties) = preSolution
		HideSolutionNode = FALSE
	EndGlobalSection
	GlobalSection(ExtensibilityGlobals) = postSolution
		SolutionGuid = {6810B12F-483E-4D4D-8505-EB86465387A5}
	EndGlobalSection
EndGlobal
